
Microsoft Visual Studio Solution File, Format Version 12.00
# Visual Studio 2012
Project("{FAE04EC0-301F-11D3-BF4B-00C04F79EFBC}") = "CaseKata", "CaseKata\CaseKata.csproj", "{D5AD527F-9B3B-4930-AC09-543AABCD9F6B}"
EndProject
Project("{FAE04EC0-301F-11D3-BF4B-00C04F79EFBC}") = "CaseKataTest", "CaseKataTest\CaseKataTest.csproj", "{878F09EC-D1ED-4C03-8039-4789D3D108CA}"
EndProject
Global
	GlobalSection(SolutionConfigurationPlatforms) = preSolution
		Debug|Any CPU = Debug|Any CPU
		Release|Any CPU = Release|Any CPU
	EndGlobalSection
	GlobalSection(ProjectConfigurationPlatforms) = postSolution
		{D5AD527F-9B3B-4930-AC09-543AABCD9F6B}.Debug|Any CPU.ActiveCfg = Debug|Any CPU
		{D5AD527F-9B3B-4930-AC09-543AABCD9F6B}.Debug|Any CPU.Build.0 = Debug|Any CPU
		{D5AD527F-9B3B-4930-AC09-543AABCD9F6B}.Release|Any CPU.ActiveCfg = Release|Any CPU
		{D5AD527F-9B3B-4930-AC09-543AABCD9F6B}.Release|Any CPU.Build.0 = Release|Any CPU
		{878F09EC-D1ED-4C03-8039-4789D3D108CA}.Debug|Any CPU.ActiveCfg = Debug|Any CPU
		{878F09EC-D1ED-4C03-8039-4789D3D108CA}.Debug|Any CPU.Build.0 = Debug|Any CPU
		{878F09EC-D1ED-4C03-8039-4789D3D108CA}.Release|Any CPU.ActiveCfg = Release|Any CPU
		{878F09EC-D1ED-4C03-8039-4789D3D108CA}.Release|Any CPU.Build.0 = Release|Any CPU
	EndGlobalSection
EndGlobal
